
Microsoft Visual Studio Solution File, Format Version 12.00
# Visual Studio Version 17
VisualStudioVersion = 17.7.33808.371
MinimumVisualStudioVersion = 10.0.40219.1
Project("{FAE04EC0-301F-11D3-BF4B-00C04F79EFBC}") = "Zadania", "Zadania\Zadania.csproj", "{D65A9A09-40E0-4FAB-B7D9-CE64131ABE04}"
EndProject
Global
	GlobalSection(SolutionConfigurationPlatforms) = preSolution
		Debug|Any CPU = Debug|Any CPU
		Release|Any CPU = Release|Any CPU
	EndGlobalSection
	GlobalSection(ProjectConfigurationPlatforms) = postSolution
		{D65A9A09-40E0-4FAB-B7D9-CE64131ABE04}.Debug|Any CPU.ActiveCfg = Debug|Any CPU
		{D65A9A09-40E0-4FAB-B7D9-CE64131ABE04}.Debug|Any CPU.Build.0 = Debug|Any CPU
		{D65A9A09-40E0-4FAB-B7D9-CE64131ABE04}.Release|Any CPU.ActiveCfg = Release|Any CPU
		{D65A9A09-40E0-4FAB-B7D9-CE64131ABE04}.Release|Any CPU.Build.0 = Release|Any CPU
	EndGlobalSection
	GlobalSection(SolutionProperties) = preSolution
		HideSolutionNode = FALSE
	EndGlobalSection
	GlobalSection(ExtensibilityGlobals) = postSolution
		SolutionGuid = {6083F74F-0BCE-4C88-A1DB-DE851A33E92C}
	EndGlobalSection
EndGlobal
